
Microsoft Visual Studio Solution File, Format Version 12.00
# Visual Studio Version 16
VisualStudioVersion = 16.0.30804.86
MinimumVisualStudioVersion = 10.0.40219.1
Project("{FAE04EC0-301F-11D3-BF4B-00C04F79EFBC}") = "API_HM", "API_HM.csproj", "{E4C0C8D9-7EED-4C90-BD99-A059BF2F5026}"
EndProject
Global
	GlobalSection(SolutionConfigurationPlatforms) = preSolution
		Debug|Any CPU = Debug|Any CPU
		Release|Any CPU = Release|Any CPU
	EndGlobalSection
	GlobalSection(ProjectConfigurationPlatforms) = postSolution
		{E4C0C8D9-7EED-4C90-BD99-A059BF2F5026}.Debug|Any CPU.ActiveCfg = Debug|Any CPU
		{E4C0C8D9-7EED-4C90-BD99-A059BF2F5026}.Debug|Any CPU.Build.0 = Debug|Any CPU
		{E4C0C8D9-7EED-4C90-BD99-A059BF2F5026}.Release|Any CPU.ActiveCfg = Release|Any CPU
		{E4C0C8D9-7EED-4C90-BD99-A059BF2F5026}.Release|Any CPU.Build.0 = Release|Any CPU
	EndGlobalSection
	GlobalSection(SolutionProperties) = preSolution
		HideSolutionNode = FALSE
	EndGlobalSection
	GlobalSection(ExtensibilityGlobals) = postSolution
		SolutionGuid = {8A083125-5219-4B84-9589-0828D32BF2E4}
	EndGlobalSection
EndGlobal
